
Microsoft Visual Studio Solution File, Format Version 12.00
# Visual Studio Version 17
VisualStudioVersion = 17.4.33213.308
MinimumVisualStudioVersion = 10.0.40219.1
Project("{9A19103F-16F7-4668-BE54-9A1E7A4F7556}") = "QueueRabbitMQ", "QueueRabbitMQ\QueueRabbitMQ.csproj", "{097B9F31-DF7B-4018-8B6F-3C3127C9F87E}"
EndProject
Project("{FAE04EC0-301F-11D3-BF4B-00C04F79EFBC}") = "QueueRabbitConsumer", "QueueRabbitConsumer\QueueRabbitConsumer.csproj", "{C0E29BC3-C039-4931-BAE1-5A8596A99651}"
EndProject
Global
	GlobalSection(SolutionConfigurationPlatforms) = preSolution
		Debug|Any CPU = Debug|Any CPU
		Release|Any CPU = Release|Any CPU
	EndGlobalSection
	GlobalSection(ProjectConfigurationPlatforms) = postSolution
		{097B9F31-DF7B-4018-8B6F-3C3127C9F87E}.Debug|Any CPU.ActiveCfg = Debug|Any CPU
		{097B9F31-DF7B-4018-8B6F-3C3127C9F87E}.Debug|Any CPU.Build.0 = Debug|Any CPU
		{097B9F31-DF7B-4018-8B6F-3C3127C9F87E}.Release|Any CPU.ActiveCfg = Release|Any CPU
		{097B9F31-DF7B-4018-8B6F-3C3127C9F87E}.Release|Any CPU.Build.0 = Release|Any CPU
		{C0E29BC3-C039-4931-BAE1-5A8596A99651}.Debug|Any CPU.ActiveCfg = Debug|Any CPU
		{C0E29BC3-C039-4931-BAE1-5A8596A99651}.Debug|Any CPU.Build.0 = Debug|Any CPU
		{C0E29BC3-C039-4931-BAE1-5A8596A99651}.Release|Any CPU.ActiveCfg = Release|Any CPU
		{C0E29BC3-C039-4931-BAE1-5A8596A99651}.Release|Any CPU.Build.0 = Release|Any CPU
	EndGlobalSection
	GlobalSection(SolutionProperties) = preSolution
		HideSolutionNode = FALSE
	EndGlobalSection
	GlobalSection(ExtensibilityGlobals) = postSolution
		SolutionGuid = {90E49F46-8280-4E8B-908A-4BA62D46DABC}
	EndGlobalSection
EndGlobal
